
Microsoft Visual Studio Solution File, Format Version 12.00
# Visual Studio Version 17
VisualStudioVersion = 17.1.31911.260
MinimumVisualStudioVersion = 10.0.40219.1
Project("{FAE04EC0-301F-11D3-BF4B-00C04F79EFBC}") = "Zadacha1", "Zadacha1\Zadacha1.csproj", "{62A1A08F-57DA-40D4-BBA6-F9F92E804AB2}"
EndProject
Global
	GlobalSection(SolutionConfigurationPlatforms) = preSolution
		Debug|Any CPU = Debug|Any CPU
		Release|Any CPU = Release|Any CPU
	EndGlobalSection
	GlobalSection(ProjectConfigurationPlatforms) = postSolution
		{62A1A08F-57DA-40D4-BBA6-F9F92E804AB2}.Debug|Any CPU.ActiveCfg = Debug|Any CPU
		{62A1A08F-57DA-40D4-BBA6-F9F92E804AB2}.Debug|Any CPU.Build.0 = Debug|Any CPU
		{62A1A08F-57DA-40D4-BBA6-F9F92E804AB2}.Release|Any CPU.ActiveCfg = Release|Any CPU
		{62A1A08F-57DA-40D4-BBA6-F9F92E804AB2}.Release|Any CPU.Build.0 = Release|Any CPU
	EndGlobalSection
	GlobalSection(SolutionProperties) = preSolution
		HideSolutionNode = FALSE
	EndGlobalSection
	GlobalSection(ExtensibilityGlobals) = postSolution
		SolutionGuid = {D860743D-1E97-4887-AF90-78AD7B1B5F2D}
	EndGlobalSection
EndGlobal
